// !$*UTF8*$!
{
	archiveVersion = 1;
	classes = {
	};
	objectVersion = 46;
	objects = {

/* Begin PBXBuildFile section */
		E298CF721EADE116008EAD78 /* AppDelegate.swift in Sources */ = {isa = PBXBuildFile; fileRef = E298CF711EADE116008EAD78 /* AppDelegate.swift */; };
		E298CF741EADE116008EAD78 /* ViewController.swift in Sources */ = {isa = PBXBuildFile; fileRef = E298CF731EADE116008EAD78 /* ViewController.swift */; };
		E298CF771EADE116008EAD78 /* Main.storyboard in Resources */ = {isa = PBXBuildFile; fileRef = E298CF751EADE116008EAD78 /* Main.storyboard */; };
		E298CF791EADE116008EAD78 /* Assets.xcassets in Resources */ = {isa = PBXBuildFile; fileRef = E298CF781EADE116008EAD78 /* Assets.xcassets */; };
		E298CF7C1EADE116008EAD78 /* LaunchScreen.storyboard in Resources */ = {isa = PBXBuildFile; fileRef = E298CF7A1EADE116008EAD78 /* LaunchScreen.storyboard */; };
		E298CF841EADE239008EAD78 /* Settings.bundle in Resources */ = {isa = PBXBuildFile; fileRef = E298CF831EADE239008EAD78 /* Settings.bundle */; };
/* End PBXBuildFile section */

/* Begin PBXFileReference section */
		E298CF6E1EADE116008EAD78 /* SettingBundle.app */ = {isa = PBXFileReference; explicitFileType = wrapper.application; includeInIndex = 0; path = SettingBundle.app; sourceTree = BUILT_PRODUCTS_DIR; };
		E298CF711EADE116008EAD78 /* AppDelegate.swift */ = {isa = PBXFileReference; lastKnownFileType = sourcecode.swift; path = AppDelegate.swift; sourceTree = "<group>"; };
		E298CF731EADE116008EAD78 /* ViewController.swift */ = {isa = PBXFileReference; lastKnownFileType = sourcecode.swift; path = ViewController.swift; sourceTree = "<group>"; };
		E298CF761EADE116008EAD78 /* Base */ = {isa = PBXFileReference; lastKnownFileType = file.storyboard; name = Base; path = Base.lproj/Main.storyboard; sourceTree = "<group>"; };
		E298CF781EADE116008EAD78 /* Assets.xcassets */ = {isa = PBXFileReference; lastKnownFileType = folder.assetcatalog; path = Assets.xcassets; sourceTree = "<group>"; };
		E298CF7B1EADE116008EAD78 /* Base */ = {isa = PBXFileReference; lastKnownFileType = file.storyboard; name = Base; path = Base.lproj/LaunchScreen.storyboard; sourceTree = "<group>"; };
		E298CF7D1EADE116008EAD78 /* Info.plist */ = {isa = PBXFileReference; lastKnownFileType = text.plist.xml; path = Info.plist; sourceTree = "<group>"; };
		E298CF831EADE239008EAD78 /* Settings.bundle */ = {isa = PBXFileReference; lastKnownFileType = "wrapper.plug-in"; path = Settings.bundle; sourceTree = "<group>"; };
/* End PBXFileReference section */

/* Begin PBXFrameworksBuildPhase section */
		E298CF6B1EADE116008EAD78 /* Frameworks */ = {
			isa = PBXFrameworksBuildPhase;
			buildActionMask = 2147483647;
			files = (
			);
			runOnlyForDeploymentPostprocessing = 0;
		};
/* End PBXFrameworksBuildPhase section */

/* Begin PBXGroup section */
		E298CF651EADE116008EAD78 = {
			isa = PBXGroup;
			children = (
				E298CF701EADE116008EAD78 /* SettingBundle */,
				E298CF6F1EADE116008EAD78 /* Products */,
			);
			sourceTree = "<group>";
		};
		E298CF6F1EADE116008EAD78 /* Products */ = {
			isa = PBXGroup;
			children = (
				E298CF6E1EADE116008EAD78 /* SettingBundle.app */,
			);
			name = Products;
			sourceTree = "<group>";
		};
		E298CF701EADE116008EAD78 /* SettingBundle */ = {
			isa = PBXGroup;
			children = (
				E298CF711EADE116008EAD78 /* AppDelegate.swift */,
				E298CF731EADE116008EAD78 /* ViewController.swift */,
				E298CF831EADE239008EAD78 /* Settings.bundle */,
				E298CF751EADE116008EAD78 /* Main.storyboard */,
				E298CF781EADE116008EAD78 /* Assets.xcassets */,
				E298CF7A1EADE116008EAD78 /* LaunchScreen.storyboard */,
				E298CF7D1EADE116008EAD78 /* Info.plist */,
			);
			path = SettingBundle;
			sourceTree = "<group>";
		};
/* End PBXGroup section */

/* Begin PBXNativeTarget section */
		E298CF6D1EADE116008EAD78 /* SettingBundle */ = {
			isa = PBXNativeTarget;
			buildConfigurationList = E298CF801EADE116008EAD78 /* Build configuration list for PBXNativeTarget "SettingBundle" */;
			buildPhases = (
				E298CF6A1EADE116008EAD78 /* Sources */,
				E298CF6B1EADE116008EAD78 /* Frameworks */,
				E298CF6C1EADE116008EAD78 /* Resources */,
			);
			buildRules = (
			);
			dependencies = (
			);
			name = SettingBundle;
			productName = SettingBundle;
			productReference = E298CF6E1EADE116008EAD78 /* SettingBundle.app */;
			productType = "com.apple.product-type.application";
		};
/* End PBXNativeTarget section */

/* Begin PBXProject section */
		E298CF661EADE116008EAD78 /* Project object */ = {
			isa = PBXProject;
			attributes = {
				LastSwiftUpdateCheck = 0830;
				LastUpgradeCheck = 0830;
				ORGANIZATIONNAME = "黄启明";
				TargetAttributes = {
					E298CF6D1EADE116008EAD78 = {
						CreatedOnToolsVersion = 8.3.2;
						DevelopmentTeam = 2Z7NL663JA;
						ProvisioningStyle = Automatic;
					};
				};
			};
			buildConfigurationList = E298CF691EADE116008EAD78 /* Build configuration list for PBXProject "SettingBundle" */;
			compatibilityVersion = "Xcode 3.2";
			developmentRegion = English;
			hasScannedForEncodings = 0;
			knownRegions = (
				en,
				Base,
			);
			mainGroup = E298CF651EADE116008EAD78;
			productRefGroup = E298CF6F1EADE116008EAD78 /* Products */;
			projectDirPath = "";
			projectRoot = "";
			targets = (
				E298CF6D1EADE116008EAD78 /* SettingBundle */,
			);
		};
/* End PBXProject section */

/* Begin PBXResourcesBuildPhase section */
		E298CF6C1EADE116008EAD78 /* Resources */ = {
			isa = PBXResourcesBuildPhase;
			buildActionMask = 2147483647;
			files = (
				E298CF841EADE239008EAD78 /* Settings.bundle in Resources */,
				E298CF7C1EADE116008EAD78 /* LaunchScreen.storyboard in Resources */,
				E298CF791EADE116008EAD78 /* Assets.xcassets in Resources */,
				E298CF771EADE116008EAD78 /* Main.storyboard in Resources */,
			);
			runOnlyForDeploymentPostprocessing = 0;
		};
/* End PBXResourcesBuildPhase section */

/* Begin PBXSourcesBuildPhase section */
		E298CF6A1EADE116008EAD78 /* Sources */ = {
			isa = PBXSourcesBuildPhase;
			buildActionMask = 2147483647;
			files = (
				E298CF741EADE116008EAD78 /* ViewController.swift in Sources */,
				E298CF721EADE116008EAD78 /* AppDelegate.swift in Sources */,
			);
			runOnlyForDeploymentPostprocessing = 0;
		};
/* End PBXSourcesBuildPhase section */

/* Begin PBXVariantGroup section */
		E298CF751EADE116008EAD78 /* Main.storyboard */ = {
			isa = PBXVariantGroup;
			children = (
				E298CF761EADE116008EAD78 /* Base */,
			);
			name = Main.storyboard;
			sourceTree = "<group>";
		};
		E298CF7A1EADE116008EAD78 /* LaunchScreen.storyboard */ = {
			isa = PBXVariantGroup;
			children = (
				E298CF7B1EADE116008EAD78 /* Base */,
			);
			name = LaunchScreen.storyboard;
			sourceTree = "<group>";
		};
/* End PBXVariantGroup section */

/* Begin XCBuildConfiguration section */
		E298CF7E1EADE116008EAD78 /* Debug */ = {
			isa = XCBuildConfiguration;
			buildSettings = {
				ALWAYS_SEARCH_USER_PATHS = NO;
				CLANG_ANALYZER_NONNULL = YES;
				CLANG_ANALYZER_NUMBER_OBJECT_CONVERSION = YES_AGGRESSIVE;
				CLANG_CXX_LANGUAGE_STANDARD = "gnu++0x";
				CLANG_CXX_LIBRARY = "libc++";
				CLANG_ENABLE_MODULES = YES;
				CLANG_ENABLE_OBJC_ARC = YES;
				CLANG_WARN_BOOL_CONVERSION = YES;
				CLANG_WARN_CONSTANT_CONVERSION = YES;
				CLANG_WARN_DIRECT_OBJC_ISA_USAGE = YES_ERROR;
				CLANG_WARN_DOCUMENTATION_COMMENTS = YES;
				CLANG_WARN_EMPTY_BODY = YES;
				CLANG_WARN_ENUM_CONVERSION = YES;
				CLANG_WARN_INFINITE_RECURSION = YES;
				CLANG_WARN_INT_CONVERSION = YES;
				CLANG_WARN_OBJC_ROOT_CLASS = YES_ERROR;
				CLANG_WARN_SUSPICIOUS_MOVE = YES;
				CLANG_WARN_UNREACHABLE_CODE = YES;
				CLANG_WARN__DUPLICATE_METHOD_MATCH = YES;
				"CODE_SIGN_IDENTITY[sdk=iphoneos*]" = "iPhone Developer";
				COPY_PHASE_STRIP = NO;
				DEBUG_INFORMATION_FORMAT = dwarf;
				ENABLE_STRICT_OBJC_MSGSEND = YES;
				ENABLE_TESTABILITY = YES;
				GCC_C_LANGUAGE_STANDARD = gnu99;
				GCC_DYNAMIC_NO_PIC = NO;
				GCC_NO_COMMON_BLOCKS = YES;
				GCC_OPTIMIZATION_LEVEL = 0;
				GCC_PREPROCESSOR_DEFINITIONS = (
					"DEBUG=1",
					"$(inherited)",
				);
				GCC_WARN_64_TO_32_BIT_CONVERSION = YES;
				GCC_WARN_ABOUT_RETURN_TYPE = YES_ERROR;
				GCC_WARN_UNDECLARED_SELECTOR = YES;
				GCC_WARN_UNINITIALIZED_AUTOS = YES_AGGRESSIVE;
				GCC_WARN_UNUSED_FUNCTION = YES;
				GCC_WARN_UNUSED_VARIABLE = YES;
				IPHONEOS_DEPLOYMENT_TARGET = 10.3;
				MTL_ENABLE_DEBUG_INFO = YES;
				ONLY_ACTIVE_ARCH = YES;
				SDKROOT = iphoneos;
				SWIFT_ACTIVE_COMPILATION_CONDITIONS = DEBUG;
				SWIFT_OPTIMIZATION_LEVEL = "-Onone";
			};
			name = Debug;
		};
		E298CF7F1EADE116008EAD78 /* Release */ = {
			isa = XCBuildConfiguration;
			buildSettings = {
				ALWAYS_SEARCH_USER_PATHS = NO;
				CLANG_ANALYZER_NONNULL = YES;
				CLANG_ANALYZER_NUMBER_OBJECT_CONVERSION = YES_AGGRESSIVE;
				CLANG_CXX_LANGUAGE_STANDARD = "gnu++0x";
				CLANG_CXX_LIBRARY = "libc++";
				CLANG_ENABLE_MODULES = YES;
				CLANG_ENABLE_OBJC_ARC = YES;
				CLANG_WARN_BOOL_CONVERSION = YES;
				CLANG_WARN_CONSTANT_CONVERSION = YES;
				CLANG_WARN_DIRECT_OBJC_ISA_USAGE = YES_ERROR;
				CLANG_WARN_DOCUMENTATION_COMMENTS = YES;
				CLANG_WARN_EMPTY_BODY = YES;
				CLANG_WARN_ENUM_CONVERSION = YES;
				CLANG_WARN_INFINITE_RECURSION = YES;
				CLANG_WARN_INT_CONVERSION = YES;
				CLANG_WARN_OBJC_ROOT_CLASS = YES_ERROR;
				CLANG_WARN_SUSPICIOUS_MOVE = YES;
				CLANG_WARN_UNREACHABLE_CODE = YES;
				CLANG_WARN__DUPLICATE_METHOD_MATCH = YES;
				"CODE_SIGN_IDENTITY[sdk=iphoneos*]" = "iPhone Developer";
				COPY_PHASE_STRIP = NO;
				DEBUG_INFORMATION_FORMAT = "dwarf-with-dsym";
				ENABLE_NS_ASSERTIONS = NO;
				ENABLE_STRICT_OBJC_MSGSEND = YES;
				GCC_C_LANGUAGE_STANDARD = gnu99;
				GCC_NO_COMMON_BLOCKS = YES;
				GCC_WARN_64_TO_32_BIT_CONVERSION = YES;
				GCC_WARN_ABOUT_RETURN_TYPE = YES_ERROR;
				GCC_WARN_UNDECLARED_SELECTOR = YES;
				GCC_WARN_UNINITIALIZED_AUTOS = YES_AGGRESSIVE;
				GCC_WARN_UNUSED_FUNCTION = YES;
				GCC_WARN_UNUSED_VARIABLE = YES;
				IPHONEOS_DEPLOYMENT_TARGET = 10.3;
				MTL_ENABLE_DEBUG_INFO = NO;
				SDKROOT = iphoneos;
				SWIFT_OPTIMIZATION_LEVEL = "-Owholemodule";
				VALIDATE_PRODUCT = YES;
			};
			name = Release;
		};
		E298CF811EADE116008EAD78 /* Debug */ = {
			isa = XCBuildConfiguration;
			buildSettings = {
				ASSETCATALOG_COMPILER_APPICON_NAME = AppIcon;
				DEVELOPMENT_TEAM = 2Z7NL663JA;
				INFOPLIST_FILE = SettingBundle/Info.plist;
				LD_RUNPATH_SEARCH_PATHS = "$(inherited) @executable_path/Frameworks";
				PRODUCT_BUNDLE_IDENTIFIER = com.huatengIOT.SettingBundle;
				PRODUCT_NAME = "$(TARGET_NAME)";
				SWIFT_VERSION = 3.0;
			};
			name = Debug;
		};
		E298CF821EADE116008EAD78 /* Release */ = {
			isa = XCBuildConfiguration;
			buildSettings = {
				ASSETCATALOG_COMPILER_APPICON_NAME = AppIcon;
				DEVELOPMENT_TEAM = 2Z7NL663JA;
				INFOPLIST_FILE = SettingBundle/Info.plist;
				LD_RUNPATH_SEARCH_PATHS = "$(inherited) @executable_path/Frameworks";
				PRODUCT_BUNDLE_IDENTIFIER = com.huatengIOT.SettingBundle;
				PRODUCT_NAME = "$(TARGET_NAME)";
				SWIFT_VERSION = 3.0;
			};
			name = Release;
		};
/* End XCBuildConfiguration section */

/* Begin XCConfigurationList section */
		E298CF691EADE116008EAD78 /* Build configuration list for PBXProject "SettingBundle" */ = {
			isa = XCConfigurationList;
			buildConfigurations = (
				E298CF7E1EADE116008EAD78 /* Debug */,
				E298CF7F1EADE116008EAD78 /* Release */,
			);
			defaultConfigurationIsVisible = 0;
			defaultConfigurationName = Release;
		};
		E298CF801EADE116008EAD78 /* Build configuration list for PBXNativeTarget "SettingBundle" */ = {
			isa = XCConfigurationList;
			buildConfigurations = (
				E298CF811EADE116008EAD78 /* Debug */,
				E298CF821EADE116008EAD78 /* Release */,
			);
			defaultConfigurationIsVisible = 0;
		};
/* End XCConfigurationList section */
	};
	rootObject = E298CF661EADE116008EAD78 /* Project object */;
}
